
Microsoft Visual Studio Solution File, Format Version 12.00
# Visual Studio Version 17
VisualStudioVersion = 17.14.36109.1 d17.14
MinimumVisualStudioVersion = 10.0.40219.1
Project("{FAE04EC0-301F-11D3-BF4B-00C04F79EFBC}") = "Inventory_Web", "Inventory_Web\Inventory_Web.csproj", "{FA5F07E8-D125-4D5D-8337-414DDD1CB6A8}"
EndProject
Project("{FAE04EC0-301F-11D3-BF4B-00C04F79EFBC}") = "Inventory_API", "Inventory_API\Inventory_API.csproj", "{A116380E-3E48-4265-A89D-E7B94793C456}"
EndProject
Global
	GlobalSection(SolutionConfigurationPlatforms) = preSolution
		Debug|Any CPU = Debug|Any CPU
		Release|Any CPU = Release|Any CPU
	EndGlobalSection
	GlobalSection(ProjectConfigurationPlatforms) = postSolution
		{FA5F07E8-D125-4D5D-8337-414DDD1CB6A8}.Debug|Any CPU.ActiveCfg = Debug|Any CPU
		{FA5F07E8-D125-4D5D-8337-414DDD1CB6A8}.Debug|Any CPU.Build.0 = Debug|Any CPU
		{FA5F07E8-D125-4D5D-8337-414DDD1CB6A8}.Release|Any CPU.ActiveCfg = Release|Any CPU
		{FA5F07E8-D125-4D5D-8337-414DDD1CB6A8}.Release|Any CPU.Build.0 = Release|Any CPU
		{A116380E-3E48-4265-A89D-E7B94793C456}.Debug|Any CPU.ActiveCfg = Debug|Any CPU
		{A116380E-3E48-4265-A89D-E7B94793C456}.Debug|Any CPU.Build.0 = Debug|Any CPU
		{A116380E-3E48-4265-A89D-E7B94793C456}.Release|Any CPU.ActiveCfg = Release|Any CPU
		{A116380E-3E48-4265-A89D-E7B94793C456}.Release|Any CPU.Build.0 = Release|Any CPU
	EndGlobalSection
	GlobalSection(SolutionProperties) = preSolution
		HideSolutionNode = FALSE
	EndGlobalSection
	GlobalSection(ExtensibilityGlobals) = postSolution
		SolutionGuid = {FBD3CC7A-C10A-45A3-BC4E-BD1F9BD9B219}
	EndGlobalSection
EndGlobal
